
Microsoft Visual Studio Solution File, Format Version 12.00
# Visual Studio Version 17
VisualStudioVersion = 17.9.34728.123
MinimumVisualStudioVersion = 10.0.40219.1
Project("{FAE04EC0-301F-11D3-BF4B-00C04F79EFBC}") = "WebApi", "WebApi\WebApi.csproj", "{88E4E40F-BA5F-424F-A066-234002A56B87}"
EndProject
Project("{FAE04EC0-301F-11D3-BF4B-00C04F79EFBC}") = "WebApi.IntegrationTests", "WebApi.IntegrationTests\WebApi.IntegrationTests.csproj", "{8CC7C33C-6AB7-4E4D-96A2-3DB44C2ACD11}"
EndProject
Global
	GlobalSection(SolutionConfigurationPlatforms) = preSolution
		Debug|Any CPU = Debug|Any CPU
		Release|Any CPU = Release|Any CPU
	EndGlobalSection
	GlobalSection(ProjectConfigurationPlatforms) = postSolution
		{88E4E40F-BA5F-424F-A066-234002A56B87}.Debug|Any CPU.ActiveCfg = Debug|Any CPU
		{88E4E40F-BA5F-424F-A066-234002A56B87}.Debug|Any CPU.Build.0 = Debug|Any CPU
		{88E4E40F-BA5F-424F-A066-234002A56B87}.Release|Any CPU.ActiveCfg = Release|Any CPU
		{88E4E40F-BA5F-424F-A066-234002A56B87}.Release|Any CPU.Build.0 = Release|Any CPU
		{8CC7C33C-6AB7-4E4D-96A2-3DB44C2ACD11}.Debug|Any CPU.ActiveCfg = Debug|Any CPU
		{8CC7C33C-6AB7-4E4D-96A2-3DB44C2ACD11}.Debug|Any CPU.Build.0 = Debug|Any CPU
		{8CC7C33C-6AB7-4E4D-96A2-3DB44C2ACD11}.Release|Any CPU.ActiveCfg = Release|Any CPU
		{8CC7C33C-6AB7-4E4D-96A2-3DB44C2ACD11}.Release|Any CPU.Build.0 = Release|Any CPU
	EndGlobalSection
	GlobalSection(SolutionProperties) = preSolution
		HideSolutionNode = FALSE
	EndGlobalSection
	GlobalSection(ExtensibilityGlobals) = postSolution
		SolutionGuid = {134BEBEE-6DF3-413D-98F8-FED5E550A67D}
	EndGlobalSection
EndGlobal
