
Microsoft Visual Studio Solution File, Format Version 12.00
# Visual Studio Version 17
VisualStudioVersion = 17.9.34728.123
MinimumVisualStudioVersion = 10.0.40219.1
Project("{9A19103F-16F7-4668-BE54-9A1E7A4F7556}") = "WebApi", "WebApi\WebApi.csproj", "{88E4E40F-BA5F-424F-A066-234002A56B87}"
EndProject
Project("{9A19103F-16F7-4668-BE54-9A1E7A4F7556}") = "WebApi.IntegrationTests", "WebApi.IntegrationTests\WebApi.IntegrationTests.csproj", "{8CC7C33C-6AB7-4E4D-96A2-3DB44C2ACD11}"
EndProject
Project("{2150E333-8FDC-42A3-9474-1A3956D46DE8}") = "Solution Items", "Solution Items", "{192CC3D6-96B5-47B9-8EF0-7757F1519D8D}"
	ProjectSection(SolutionItems) = preProject
		.gitignore = .gitignore
		editorconfig = editorconfig
		README.md = README.md
	EndProjectSection
EndProject
Global
	GlobalSection(SolutionConfigurationPlatforms) = preSolution
		Debug|Any CPU = Debug|Any CPU
		Release|Any CPU = Release|Any CPU
	EndGlobalSection
	GlobalSection(ProjectConfigurationPlatforms) = postSolution
		{88E4E40F-BA5F-424F-A066-234002A56B87}.Debug|Any CPU.ActiveCfg = Debug|Any CPU
		{88E4E40F-BA5F-424F-A066-234002A56B87}.Debug|Any CPU.Build.0 = Debug|Any CPU
		{88E4E40F-BA5F-424F-A066-234002A56B87}.Release|Any CPU.ActiveCfg = Release|Any CPU
		{88E4E40F-BA5F-424F-A066-234002A56B87}.Release|Any CPU.Build.0 = Release|Any CPU
		{8CC7C33C-6AB7-4E4D-96A2-3DB44C2ACD11}.Debug|Any CPU.ActiveCfg = Debug|Any CPU
		{8CC7C33C-6AB7-4E4D-96A2-3DB44C2ACD11}.Debug|Any CPU.Build.0 = Debug|Any CPU
		{8CC7C33C-6AB7-4E4D-96A2-3DB44C2ACD11}.Release|Any CPU.ActiveCfg = Release|Any CPU
		{8CC7C33C-6AB7-4E4D-96A2-3DB44C2ACD11}.Release|Any CPU.Build.0 = Release|Any CPU
	EndGlobalSection
	GlobalSection(SolutionProperties) = preSolution
		HideSolutionNode = FALSE
	EndGlobalSection
	GlobalSection(ExtensibilityGlobals) = postSolution
		SolutionGuid = {134BEBEE-6DF3-413D-98F8-FED5E550A67D}
	EndGlobalSection
EndGlobal
